// !$*UTF8*$!
{
	archiveVersion = 1;
	classes = {
	};
	objectVersion = 50;
	objects = {

/* Begin PBXBuildFile section */
		C71ECB27234651D100B536DE /* SchoodUtil.m in Sources */ = {isa = PBXBuildFile; fileRef = C71ECB26234651D100B536DE /* SchoodUtil.m */; };
		C71ECB2A2346629000B536DE /* Beacon.swift in Sources */ = {isa = PBXBuildFile; fileRef = C71ECB292346629000B536DE /* Beacon.swift */; };
		C7D11F932344EFF200995672 /* AppDelegate.swift in Sources */ = {isa = PBXBuildFile; fileRef = C7D11F922344EFF200995672 /* AppDelegate.swift */; };
		C7D11F952344EFF200995672 /* ViewController.swift in Sources */ = {isa = PBXBuildFile; fileRef = C7D11F942344EFF200995672 /* ViewController.swift */; };
		C7D11F982344EFF200995672 /* Main.storyboard in Resources */ = {isa = PBXBuildFile; fileRef = C7D11F962344EFF200995672 /* Main.storyboard */; };
		C7D11F9B2344EFF200995672 /* SmartTraining.xcdatamodeld in Sources */ = {isa = PBXBuildFile; fileRef = C7D11F992344EFF200995672 /* SmartTraining.xcdatamodeld */; };
		C7D11F9D2344EFF300995672 /* Assets.xcassets in Resources */ = {isa = PBXBuildFile; fileRef = C7D11F9C2344EFF300995672 /* Assets.xcassets */; };
		C7D11FA02344EFF300995672 /* LaunchScreen.storyboard in Resources */ = {isa = PBXBuildFile; fileRef = C7D11F9E2344EFF300995672 /* LaunchScreen.storyboard */; };
/* End PBXBuildFile section */

/* Begin PBXFileReference section */
		C71ECB25234651D000B536DE /* SmartTraining-Bridging-Header.h */ = {isa = PBXFileReference; lastKnownFileType = sourcecode.c.h; path = "SmartTraining-Bridging-Header.h"; sourceTree = "<group>"; };
		C71ECB26234651D100B536DE /* SchoodUtil.m */ = {isa = PBXFileReference; fileEncoding = 4; lastKnownFileType = sourcecode.c.objc; path = SchoodUtil.m; sourceTree = "<group>"; };
		C71ECB28234651DC00B536DE /* SchoodUtil.h */ = {isa = PBXFileReference; lastKnownFileType = sourcecode.c.h; path = SchoodUtil.h; sourceTree = "<group>"; };
		C71ECB292346629000B536DE /* Beacon.swift */ = {isa = PBXFileReference; lastKnownFileType = sourcecode.swift; path = Beacon.swift; sourceTree = "<group>"; };
		C7D11F8F2344EFF200995672 /* SmartTraining.app */ = {isa = PBXFileReference; explicitFileType = wrapper.application; includeInIndex = 0; path = SmartTraining.app; sourceTree = BUILT_PRODUCTS_DIR; };
		C7D11F922344EFF200995672 /* AppDelegate.swift */ = {isa = PBXFileReference; lastKnownFileType = sourcecode.swift; path = AppDelegate.swift; sourceTree = "<group>"; };
		C7D11F942344EFF200995672 /* ViewController.swift */ = {isa = PBXFileReference; lastKnownFileType = sourcecode.swift; path = ViewController.swift; sourceTree = "<group>"; };
		C7D11F972344EFF200995672 /* Base */ = {isa = PBXFileReference; lastKnownFileType = file.storyboard; name = Base; path = Base.lproj/Main.storyboard; sourceTree = "<group>"; };
		C7D11F9A2344EFF200995672 /* SmartTraining.xcdatamodel */ = {isa = PBXFileReference; lastKnownFileType = wrapper.xcdatamodel; path = SmartTraining.xcdatamodel; sourceTree = "<group>"; };
		C7D11F9C2344EFF300995672 /* Assets.xcassets */ = {isa = PBXFileReference; lastKnownFileType = folder.assetcatalog; path = Assets.xcassets; sourceTree = "<group>"; };
		C7D11F9F2344EFF300995672 /* Base */ = {isa = PBXFileReference; lastKnownFileType = file.storyboard; name = Base; path = Base.lproj/LaunchScreen.storyboard; sourceTree = "<group>"; };
		C7D11FA12344EFF300995672 /* Info.plist */ = {isa = PBXFileReference; lastKnownFileType = text.plist.xml; path = Info.plist; sourceTree = "<group>"; };
/* End PBXFileReference section */

/* Begin PBXFrameworksBuildPhase section */
		C7D11F8C2344EFF200995672 /* Frameworks */ = {
			isa = PBXFrameworksBuildPhase;
			buildActionMask = 2147483647;
			files = (
			);
			runOnlyForDeploymentPostprocessing = 0;
		};
/* End PBXFrameworksBuildPhase section */

/* Begin PBXGroup section */
		C7D11F862344EFF100995672 = {
			isa = PBXGroup;
			children = (
				C7D11F912344EFF200995672 /* SmartTraining */,
				C7D11F902344EFF200995672 /* Products */,
			);
			sourceTree = "<group>";
		};
		C7D11F902344EFF200995672 /* Products */ = {
			isa = PBXGroup;
			children = (
				C7D11F8F2344EFF200995672 /* SmartTraining.app */,
			);
			name = Products;
			sourceTree = "<group>";
		};
		C7D11F912344EFF200995672 /* SmartTraining */ = {
			isa = PBXGroup;
			children = (
				C7D11F922344EFF200995672 /* AppDelegate.swift */,
				C7D11F942344EFF200995672 /* ViewController.swift */,
				C71ECB292346629000B536DE /* Beacon.swift */,
				C71ECB28234651DC00B536DE /* SchoodUtil.h */,
				C71ECB26234651D100B536DE /* SchoodUtil.m */,
				C7D11F962344EFF200995672 /* Main.storyboard */,
				C7D11F9C2344EFF300995672 /* Assets.xcassets */,
				C7D11F9E2344EFF300995672 /* LaunchScreen.storyboard */,
				C7D11FA12344EFF300995672 /* Info.plist */,
				C7D11F992344EFF200995672 /* SmartTraining.xcdatamodeld */,
				C71ECB25234651D000B536DE /* SmartTraining-Bridging-Header.h */,
			);
			path = SmartTraining;
			sourceTree = "<group>";
		};
/* End PBXGroup section */

/* Begin PBXNativeTarget section */
		C7D11F8E2344EFF200995672 /* SmartTraining */ = {
			isa = PBXNativeTarget;
			buildConfigurationList = C7D11FA42344EFF300995672 /* Build configuration list for PBXNativeTarget "SmartTraining" */;
			buildPhases = (
				C7D11F8B2344EFF200995672 /* Sources */,
				C7D11F8C2344EFF200995672 /* Frameworks */,
				C7D11F8D2344EFF200995672 /* Resources */,
			);
			buildRules = (
			);
			dependencies = (
			);
			name = SmartTraining;
			productName = SmartTraining;
			productReference = C7D11F8F2344EFF200995672 /* SmartTraining.app */;
			productType = "com.apple.product-type.application";
		};
/* End PBXNativeTarget section */

/* Begin PBXProject section */
		C7D11F872344EFF100995672 /* Project object */ = {
			isa = PBXProject;
			attributes = {
				LastSwiftUpdateCheck = 1020;
				LastUpgradeCheck = 1020;
				ORGANIZATIONNAME = IPDEC;
				TargetAttributes = {
					C7D11F8E2344EFF200995672 = {
						CreatedOnToolsVersion = 10.2.1;
						LastSwiftMigration = 1020;
					};
				};
			};
			buildConfigurationList = C7D11F8A2344EFF100995672 /* Build configuration list for PBXProject "SmartTraining" */;
			compatibilityVersion = "Xcode 9.3";
			developmentRegion = en;
			hasScannedForEncodings = 0;
			knownRegions = (
				en,
				Base,
			);
			mainGroup = C7D11F862344EFF100995672;
			productRefGroup = C7D11F902344EFF200995672 /* Products */;
			projectDirPath = "";
			projectRoot = "";
			targets = (
				C7D11F8E2344EFF200995672 /* SmartTraining */,
			);
		};
/* End PBXProject section */

/* Begin PBXResourcesBuildPhase section */
		C7D11F8D2344EFF200995672 /* Resources */ = {
			isa = PBXResourcesBuildPhase;
			buildActionMask = 2147483647;
			files = (
				C7D11FA02344EFF300995672 /* LaunchScreen.storyboard in Resources */,
				C7D11F9D2344EFF300995672 /* Assets.xcassets in Resources */,
				C7D11F982344EFF200995672 /* Main.storyboard in Resources */,
			);
			runOnlyForDeploymentPostprocessing = 0;
		};
/* End PBXResourcesBuildPhase section */

/* Begin PBXSourcesBuildPhase section */
		C7D11F8B2344EFF200995672 /* Sources */ = {
			isa = PBXSourcesBuildPhase;
			buildActionMask = 2147483647;
			files = (
				C7D11F952344EFF200995672 /* ViewController.swift in Sources */,
				C71ECB27234651D100B536DE /* SchoodUtil.m in Sources */,
				C71ECB2A2346629000B536DE /* Beacon.swift in Sources */,
				C7D11F932344EFF200995672 /* AppDelegate.swift in Sources */,
				C7D11F9B2344EFF200995672 /* SmartTraining.xcdatamodeld in Sources */,
			);
			runOnlyForDeploymentPostprocessing = 0;
		};
/* End PBXSourcesBuildPhase section */

/* Begin PBXVariantGroup section */
		C7D11F962344EFF200995672 /* Main.storyboard */ = {
			isa = PBXVariantGroup;
			children = (
				C7D11F972344EFF200995672 /* Base */,
			);
			name = Main.storyboard;
			sourceTree = "<group>";
		};
		C7D11F9E2344EFF300995672 /* LaunchScreen.storyboard */ = {
			isa = PBXVariantGroup;
			children = (
				C7D11F9F2344EFF300995672 /* Base */,
			);
			name = LaunchScreen.storyboard;
			sourceTree = "<group>";
		};
/* End PBXVariantGroup section */

/* Begin XCBuildConfiguration section */
		C7D11FA22344EFF300995672 /* Debug */ = {
			isa = XCBuildConfiguration;
			buildSettings = {
				ALWAYS_SEARCH_USER_PATHS = NO;
				CLANG_ANALYZER_NONNULL = YES;
				CLANG_ANALYZER_NUMBER_OBJECT_CONVERSION = YES_AGGRESSIVE;
				CLANG_CXX_LANGUAGE_STANDARD = "gnu++14";
				CLANG_CXX_LIBRARY = "libc++";
				CLANG_ENABLE_MODULES = YES;
				CLANG_ENABLE_OBJC_ARC = YES;
				CLANG_ENABLE_OBJC_WEAK = YES;
				CLANG_WARN_BLOCK_CAPTURE_AUTORELEASING = YES;
				CLANG_WARN_BOOL_CONVERSION = YES;
				CLANG_WARN_COMMA = YES;
				CLANG_WARN_CONSTANT_CONVERSION = YES;
				CLANG_WARN_DEPRECATED_OBJC_IMPLEMENTATIONS = YES;
				CLANG_WARN_DIRECT_OBJC_ISA_USAGE = YES_ERROR;
				CLANG_WARN_DOCUMENTATION_COMMENTS = YES;
				CLANG_WARN_EMPTY_BODY = YES;
				CLANG_WARN_ENUM_CONVERSION = YES;
				CLANG_WARN_INFINITE_RECURSION = YES;
				CLANG_WARN_INT_CONVERSION = YES;
				CLANG_WARN_NON_LITERAL_NULL_CONVERSION = YES;
				CLANG_WARN_OBJC_IMPLICIT_RETAIN_SELF = YES;
				CLANG_WARN_OBJC_LITERAL_CONVERSION = YES;
				CLANG_WARN_OBJC_ROOT_CLASS = YES_ERROR;
				CLANG_WARN_RANGE_LOOP_ANALYSIS = YES;
				CLANG_WARN_STRICT_PROTOTYPES = YES;
				CLANG_WARN_SUSPICIOUS_MOVE = YES;
				CLANG_WARN_UNGUARDED_AVAILABILITY = YES_AGGRESSIVE;
				CLANG_WARN_UNREACHABLE_CODE = YES;
				CLANG_WARN__DUPLICATE_METHOD_MATCH = YES;
				CODE_SIGN_IDENTITY = "iPhone Developer";
				COPY_PHASE_STRIP = NO;
				DEBUG_INFORMATION_FORMAT = dwarf;
				ENABLE_STRICT_OBJC_MSGSEND = YES;
				ENABLE_TESTABILITY = YES;
				GCC_C_LANGUAGE_STANDARD = gnu11;
				GCC_DYNAMIC_NO_PIC = NO;
				GCC_NO_COMMON_BLOCKS = YES;
				GCC_OPTIMIZATION_LEVEL = 0;
				GCC_PREPROCESSOR_DEFINITIONS = (
					"DEBUG=1",
					"$(inherited)",
				);
				GCC_WARN_64_TO_32_BIT_CONVERSION = YES;
				GCC_WARN_ABOUT_RETURN_TYPE = YES_ERROR;
				GCC_WARN_UNDECLARED_SELECTOR = YES;
				GCC_WARN_UNINITIALIZED_AUTOS = YES_AGGRESSIVE;
				GCC_WARN_UNUSED_FUNCTION = YES;
				GCC_WARN_UNUSED_VARIABLE = YES;
				IPHONEOS_DEPLOYMENT_TARGET = 12.2;
				MTL_ENABLE_DEBUG_INFO = INCLUDE_SOURCE;
				MTL_FAST_MATH = YES;
				ONLY_ACTIVE_ARCH = YES;
				SDKROOT = iphoneos;
				SWIFT_ACTIVE_COMPILATION_CONDITIONS = DEBUG;
				SWIFT_OPTIMIZATION_LEVEL = "-Onone";
			};
			name = Debug;
		};
		C7D11FA32344EFF300995672 /* Release */ = {
			isa = XCBuildConfiguration;
			buildSettings = {
				ALWAYS_SEARCH_USER_PATHS = NO;
				CLANG_ANALYZER_NONNULL = YES;
				CLANG_ANALYZER_NUMBER_OBJECT_CONVERSION = YES_AGGRESSIVE;
				CLANG_CXX_LANGUAGE_STANDARD = "gnu++14";
				CLANG_CXX_LIBRARY = "libc++";
				CLANG_ENABLE_MODULES = YES;
				CLANG_ENABLE_OBJC_ARC = YES;
				CLANG_ENABLE_OBJC_WEAK = YES;
				CLANG_WARN_BLOCK_CAPTURE_AUTORELEASING = YES;
				CLANG_WARN_BOOL_CONVERSION = YES;
				CLANG_WARN_COMMA = YES;
				CLANG_WARN_CONSTANT_CONVERSION = YES;
				CLANG_WARN_DEPRECATED_OBJC_IMPLEMENTATIONS = YES;
				CLANG_WARN_DIRECT_OBJC_ISA_USAGE = YES_ERROR;
				CLANG_WARN_DOCUMENTATION_COMMENTS = YES;
				CLANG_WARN_EMPTY_BODY = YES;
				CLANG_WARN_ENUM_CONVERSION = YES;
				CLANG_WARN_INFINITE_RECURSION = YES;
				CLANG_WARN_INT_CONVERSION = YES;
				CLANG_WARN_NON_LITERAL_NULL_CONVERSION = YES;
				CLANG_WARN_OBJC_IMPLICIT_RETAIN_SELF = YES;
				CLANG_WARN_OBJC_LITERAL_CONVERSION = YES;
				CLANG_WARN_OBJC_ROOT_CLASS = YES_ERROR;
				CLANG_WARN_RANGE_LOOP_ANALYSIS = YES;
				CLANG_WARN_STRICT_PROTOTYPES = YES;
				CLANG_WARN_SUSPICIOUS_MOVE = YES;
				CLANG_WARN_UNGUARDED_AVAILABILITY = YES_AGGRESSIVE;
				CLANG_WARN_UNREACHABLE_CODE = YES;
				CLANG_WARN__DUPLICATE_METHOD_MATCH = YES;
				CODE_SIGN_IDENTITY = "iPhone Developer";
				COPY_PHASE_STRIP = NO;
				DEBUG_INFORMATION_FORMAT = "dwarf-with-dsym";
				ENABLE_NS_ASSERTIONS = NO;
				ENABLE_STRICT_OBJC_MSGSEND = YES;
				GCC_C_LANGUAGE_STANDARD = gnu11;
				GCC_NO_COMMON_BLOCKS = YES;
				GCC_WARN_64_TO_32_BIT_CONVERSION = YES;
				GCC_WARN_ABOUT_RETURN_TYPE = YES_ERROR;
				GCC_WARN_UNDECLARED_SELECTOR = YES;
				GCC_WARN_UNINITIALIZED_AUTOS = YES_AGGRESSIVE;
				GCC_WARN_UNUSED_FUNCTION = YES;
				GCC_WARN_UNUSED_VARIABLE = YES;
				IPHONEOS_DEPLOYMENT_TARGET = 12.2;
				MTL_ENABLE_DEBUG_INFO = NO;
				MTL_FAST_MATH = YES;
				SDKROOT = iphoneos;
				SWIFT_COMPILATION_MODE = wholemodule;
				SWIFT_OPTIMIZATION_LEVEL = "-O";
				VALIDATE_PRODUCT = YES;
			};
			name = Release;
		};
		C7D11FA52344EFF300995672 /* Debug */ = {
			isa = XCBuildConfiguration;
			buildSettings = {
				ASSETCATALOG_COMPILER_APPICON_NAME = AppIcon;
				CLANG_ENABLE_MODULES = YES;
				CODE_SIGN_STYLE = Automatic;
				DEVELOPMENT_TEAM = HLJRQ2DH2K;
				INFOPLIST_FILE = SmartTraining/Info.plist;
				LD_RUNPATH_SEARCH_PATHS = (
					"$(inherited)",
					"@executable_path/Frameworks",
				);
				PRODUCT_BUNDLE_IDENTIFIER = org.ipdec.SmartTraining;
				PRODUCT_NAME = "$(TARGET_NAME)";
				SWIFT_OBJC_BRIDGING_HEADER = "SmartTraining/SmartTraining-Bridging-Header.h";
				SWIFT_OPTIMIZATION_LEVEL = "-Onone";
				SWIFT_VERSION = 5.0;
				TARGETED_DEVICE_FAMILY = "1,2";
			};
			name = Debug;
		};
		C7D11FA62344EFF300995672 /* Release */ = {
			isa = XCBuildConfiguration;
			buildSettings = {
				ASSETCATALOG_COMPILER_APPICON_NAME = AppIcon;
				CLANG_ENABLE_MODULES = YES;
				CODE_SIGN_STYLE = Automatic;
				DEVELOPMENT_TEAM = HLJRQ2DH2K;
				INFOPLIST_FILE = SmartTraining/Info.plist;
				LD_RUNPATH_SEARCH_PATHS = (
					"$(inherited)",
					"@executable_path/Frameworks",
				);
				PRODUCT_BUNDLE_IDENTIFIER = org.ipdec.SmartTraining;
				PRODUCT_NAME = "$(TARGET_NAME)";
				SWIFT_OBJC_BRIDGING_HEADER = "SmartTraining/SmartTraining-Bridging-Header.h";
				SWIFT_VERSION = 5.0;
				TARGETED_DEVICE_FAMILY = "1,2";
			};
			name = Release;
		};
/* End XCBuildConfiguration section */

/* Begin XCConfigurationList section */
		C7D11F8A2344EFF100995672 /* Build configuration list for PBXProject "SmartTraining" */ = {
			isa = XCConfigurationList;
			buildConfigurations = (
				C7D11FA22344EFF300995672 /* Debug */,
				C7D11FA32344EFF300995672 /* Release */,
			);
			defaultConfigurationIsVisible = 0;
			defaultConfigurationName = Release;
		};
		C7D11FA42344EFF300995672 /* Build configuration list for PBXNativeTarget "SmartTraining" */ = {
			isa = XCConfigurationList;
			buildConfigurations = (
				C7D11FA52344EFF300995672 /* Debug */,
				C7D11FA62344EFF300995672 /* Release */,
			);
			defaultConfigurationIsVisible = 0;
			defaultConfigurationName = Release;
		};
/* End XCConfigurationList section */

/* Begin XCVersionGroup section */
		C7D11F992344EFF200995672 /* SmartTraining.xcdatamodeld */ = {
			isa = XCVersionGroup;
			children = (
				C7D11F9A2344EFF200995672 /* SmartTraining.xcdatamodel */,
			);
			currentVersion = C7D11F9A2344EFF200995672 /* SmartTraining.xcdatamodel */;
			path = SmartTraining.xcdatamodeld;
			sourceTree = "<group>";
			versionGroupType = wrapper.xcdatamodel;
		};
/* End XCVersionGroup section */
	};
	rootObject = C7D11F872344EFF100995672 /* Project object */;
}
